// !$*UTF8*$!
{
	archiveVersion = 1;
	classes = {
	};
	objectVersion = 77;
	objects = {

/* Begin PBXBuildFile section */
		06C97467677DCF7D85C49EF2 /* WristbandIDTests.swift in Sources */ = {isa = PBXBuildFile; fileRef = 83F2B6D65B109417E6EE9F23 /* WristbandIDTests.swift */; };
		099507348DA4093E05606482 /* LocationPrompt.swift in Sources */ = {isa = PBXBuildFile; fileRef = 092355E744495DCCE55315AA /* LocationPrompt.swift */; };
		18BA9322EEA4A59D0FBD0D80 /* WristbandID.swift in Sources */ = {isa = PBXBuildFile; fileRef = 3B6BD4E8F912384F45BF8B67 /* WristbandID.swift */; };
		41C18484D7E19569EB52F5CE /* NotificationPrompt.swift in Sources */ = {isa = PBXBuildFile; fileRef = A7B6B01E86D2FE1A3DF75521 /* NotificationPrompt.swift */; };
		42772725E74792B55FDD2356 /* JourneyPickerTests.swift in Sources */ = {isa = PBXBuildFile; fileRef = BE06FF26F4AAFA1DA49F2037 /* JourneyPickerTests.swift */; };
		4320D9B210F9307F30386401 /* POISearchSheet.swift in Sources */ = {isa = PBXBuildFile; fileRef = BAE7CA172E674FD6B5A16A7A /* POISearchSheet.swift */; };
		4B3FC3A5F65B6CEA0D5102A4 /* JourneyPlaybackLaunch.swift in Sources */ = {isa = PBXBuildFile; fileRef = 0930A32203D2D41DE5C0CAA0 /* JourneyPlaybackLaunch.swift */; };
		4FB7C10F794EE01ADA61BCBA /* JourneyBar.swift in Sources */ = {isa = PBXBuildFile; fileRef = 766868470525B50835760888 /* JourneyBar.swift */; };
		502B0EBFD822B367F5BB3284 /* MapTapTests.swift in Sources */ = {isa = PBXBuildFile; fileRef = 0B3FB3EA365F4154B74E72D9 /* MapTapTests.swift */; };
		5CE93CDAC4546E0FAD3DD449 /* BackgroundPositioningTests.swift in Sources */ = {isa = PBXBuildFile; fileRef = 106D0C7B74061BE544CC5599 /* BackgroundPositioningTests.swift */; };
		6BF91C646DF906686D0CB8E4 /* VenueConfiguration.swift in Sources */ = {isa = PBXBuildFile; fileRef = E185E1345ABCBCD9C8FD96E7 /* VenueConfiguration.swift */; };
		78A8796A276BF0B7483C03B2 /* VenuePOI.swift in Sources */ = {isa = PBXBuildFile; fileRef = 672CE9E9ED95501810A58F6F /* VenuePOI.swift */; };
		7C56D4B9BECEA7B0AE68481F /* Venue.swift in Sources */ = {isa = PBXBuildFile; fileRef = F1EF6077D25BBA7565ED23A9 /* Venue.swift */; };
		7F7CA5337079BAE2BB556FF2 /* JourneyPlayback.swift in Sources */ = {isa = PBXBuildFile; fileRef = CABF78A41B4A53631B5B8192 /* JourneyPlayback.swift */; };
		8B375B2115E744004EE53AC8 /* JourneyStore.swift in Sources */ = {isa = PBXBuildFile; fileRef = 281D4E718694C50C25B124A8 /* JourneyStore.swift */; };
		9442BB00A3D211C237ABE1C3 /* JourneyPickerSheet.swift in Sources */ = {isa = PBXBuildFile; fileRef = ED64BC01895914D88C49C6F2 /* JourneyPickerSheet.swift */; };
		A80E9C531F921464DB86801E /* WristbandPrompt.swift in Sources */ = {isa = PBXBuildFile; fileRef = 087ED37D4542CDC98070E133 /* WristbandPrompt.swift */; };
		AA54464E6EF296BD493B86CB /* DiagnosticsTests.swift in Sources */ = {isa = PBXBuildFile; fileRef = 901549EE1C37770588F836E6 /* DiagnosticsTests.swift */; };
		BFD50B8F4E0FA87992F6461E /* Proximiio in Frameworks */ = {isa = PBXBuildFile; productRef = 481EF75981CE52268A990007 /* Proximiio */; };
		C4A9B28FC7F411507CADF121 /* VenueMapScreen.swift in Sources */ = {isa = PBXBuildFile; fileRef = F37F6C4BF550743EAED19A26 /* VenueMapScreen.swift */; };
		C50AC9B431153ED0F8CE5CFD /* GuidanceLine.swift in Sources */ = {isa = PBXBuildFile; fileRef = 39D2104EFFCA3D6A4A7A99D0 /* GuidanceLine.swift */; };
		CABF34E22C81D3D7FC6E0387 /* Assets.xcassets in Resources */ = {isa = PBXBuildFile; fileRef = 807431AABAB1DD9642569D05 /* Assets.xcassets */; };
		CD5F76DA126ED4496B77F93D /* ProximiioMap in Frameworks */ = {isa = PBXBuildFile; productRef = 5764333272A1FAC95E9ED601 /* ProximiioMap */; };
		E50D2252328D51DA6ED05431 /* DeviationPromptTests.swift in Sources */ = {isa = PBXBuildFile; fileRef = 2571BE3A11B571884C58DB69 /* DeviationPromptTests.swift */; };
		EF10C1372AD27EFE8A78C58B /* BlueiotMinimalApp.swift in Sources */ = {isa = PBXBuildFile; fileRef = 07522316905DD049DF83CDD5 /* BlueiotMinimalApp.swift */; };
		FBAFD7FD1662DFDE4E966837 /* JourneyTests.swift in Sources */ = {isa = PBXBuildFile; fileRef = C811F61C4E954A692AA12DB6 /* JourneyTests.swift */; };
		FED082C6B05A3FDDC665D03A /* GeofenceNotificationTests.swift in Sources */ = {isa = PBXBuildFile; fileRef = 3B333BB24371B5B046CEC74E /* GeofenceNotificationTests.swift */; };
/* End PBXBuildFile section */

/* Begin PBXContainerItemProxy section */
		2E5F89832D59CF3B0FE6CC9D /* PBXContainerItemProxy */ = {
			isa = PBXContainerItemProxy;
			containerPortal = E17C705DA2BEB4E8AA967A14 /* Project object */;
			proxyType = 1;
			remoteGlobalIDString = D9B46242D91BC60931CBC791;
			remoteInfo = BlueiotMinimal;
		};
/* End PBXContainerItemProxy section */

/* Begin PBXFileReference section */
		07522316905DD049DF83CDD5 /* BlueiotMinimalApp.swift */ = {isa = PBXFileReference; lastKnownFileType = sourcecode.swift; path = BlueiotMinimalApp.swift; sourceTree = "<group>"; };
		087ED37D4542CDC98070E133 /* WristbandPrompt.swift */ = {isa = PBXFileReference; lastKnownFileType = sourcecode.swift; path = WristbandPrompt.swift; sourceTree = "<group>"; };
		092355E744495DCCE55315AA /* LocationPrompt.swift */ = {isa = PBXFileReference; lastKnownFileType = sourcecode.swift; path = LocationPrompt.swift; sourceTree = "<group>"; };
		0930A32203D2D41DE5C0CAA0 /* JourneyPlaybackLaunch.swift */ = {isa = PBXFileReference; lastKnownFileType = sourcecode.swift; path = JourneyPlaybackLaunch.swift; sourceTree = "<group>"; };
		0B3FB3EA365F4154B74E72D9 /* MapTapTests.swift */ = {isa = PBXFileReference; lastKnownFileType = sourcecode.swift; path = MapTapTests.swift; sourceTree = "<group>"; };
		106D0C7B74061BE544CC5599 /* BackgroundPositioningTests.swift */ = {isa = PBXFileReference; lastKnownFileType = sourcecode.swift; path = BackgroundPositioningTests.swift; sourceTree = "<group>"; };
		169551C14DB7545D88AF0E46 /* App.xcconfig */ = {isa = PBXFileReference; lastKnownFileType = text.xcconfig; path = App.xcconfig; sourceTree = "<group>"; };
		179BD8F5566F16BCEAA72C47 /* BlueiotMinimal.app */ = {isa = PBXFileReference; includeInIndex = 0; lastKnownFileType = wrapper.application; path = BlueiotMinimal.app; sourceTree = BUILT_PRODUCTS_DIR; };
		2571BE3A11B571884C58DB69 /* DeviationPromptTests.swift */ = {isa = PBXFileReference; lastKnownFileType = sourcecode.swift; path = DeviationPromptTests.swift; sourceTree = "<group>"; };
		281D4E718694C50C25B124A8 /* JourneyStore.swift */ = {isa = PBXFileReference; lastKnownFileType = sourcecode.swift; path = JourneyStore.swift; sourceTree = "<group>"; };
		39D2104EFFCA3D6A4A7A99D0 /* GuidanceLine.swift */ = {isa = PBXFileReference; lastKnownFileType = sourcecode.swift; path = GuidanceLine.swift; sourceTree = "<group>"; };
		3B333BB24371B5B046CEC74E /* GeofenceNotificationTests.swift */ = {isa = PBXFileReference; lastKnownFileType = sourcecode.swift; path = GeofenceNotificationTests.swift; sourceTree = "<group>"; };
		3B6BD4E8F912384F45BF8B67 /* WristbandID.swift */ = {isa = PBXFileReference; lastKnownFileType = sourcecode.swift; path = WristbandID.swift; sourceTree = "<group>"; };
		3CFC1F37663CB627F86460F2 /* BlueiotMinimalTests.xctest */ = {isa = PBXFileReference; includeInIndex = 0; lastKnownFileType = wrapper.cfbundle; path = BlueiotMinimalTests.xctest; sourceTree = BUILT_PRODUCTS_DIR; };
		65F7C141BA52D64EF7B32140 /* Info.plist */ = {isa = PBXFileReference; lastKnownFileType = text.plist; path = Info.plist; sourceTree = "<group>"; };
		672CE9E9ED95501810A58F6F /* VenuePOI.swift */ = {isa = PBXFileReference; lastKnownFileType = sourcecode.swift; path = VenuePOI.swift; sourceTree = "<group>"; };
		766868470525B50835760888 /* JourneyBar.swift */ = {isa = PBXFileReference; lastKnownFileType = sourcecode.swift; path = JourneyBar.swift; sourceTree = "<group>"; };
		807431AABAB1DD9642569D05 /* Assets.xcassets */ = {isa = PBXFileReference; lastKnownFileType = folder.assetcatalog; path = Assets.xcassets; sourceTree = "<group>"; };
		83F2B6D65B109417E6EE9F23 /* WristbandIDTests.swift */ = {isa = PBXFileReference; lastKnownFileType = sourcecode.swift; path = WristbandIDTests.swift; sourceTree = "<group>"; };
		901549EE1C37770588F836E6 /* DiagnosticsTests.swift */ = {isa = PBXFileReference; lastKnownFileType = sourcecode.swift; path = DiagnosticsTests.swift; sourceTree = "<group>"; };
		A7B6B01E86D2FE1A3DF75521 /* NotificationPrompt.swift */ = {isa = PBXFileReference; lastKnownFileType = sourcecode.swift; path = NotificationPrompt.swift; sourceTree = "<group>"; };
		BAE7CA172E674FD6B5A16A7A /* POISearchSheet.swift */ = {isa = PBXFileReference; lastKnownFileType = sourcecode.swift; path = POISearchSheet.swift; sourceTree = "<group>"; };
		BE06FF26F4AAFA1DA49F2037 /* JourneyPickerTests.swift */ = {isa = PBXFileReference; lastKnownFileType = sourcecode.swift; path = JourneyPickerTests.swift; sourceTree = "<group>"; };
		C811F61C4E954A692AA12DB6 /* JourneyTests.swift */ = {isa = PBXFileReference; lastKnownFileType = sourcecode.swift; path = JourneyTests.swift; sourceTree = "<group>"; };
		CABF78A41B4A53631B5B8192 /* JourneyPlayback.swift */ = {isa = PBXFileReference; lastKnownFileType = sourcecode.swift; path = JourneyPlayback.swift; sourceTree = "<group>"; };
		E185E1345ABCBCD9C8FD96E7 /* VenueConfiguration.swift */ = {isa = PBXFileReference; lastKnownFileType = sourcecode.swift; path = VenueConfiguration.swift; sourceTree = "<group>"; };
		ED64BC01895914D88C49C6F2 /* JourneyPickerSheet.swift */ = {isa = PBXFileReference; lastKnownFileType = sourcecode.swift; path = JourneyPickerSheet.swift; sourceTree = "<group>"; };
		F1EF6077D25BBA7565ED23A9 /* Venue.swift */ = {isa = PBXFileReference; lastKnownFileType = sourcecode.swift; path = Venue.swift; sourceTree = "<group>"; };
		F37F6C4BF550743EAED19A26 /* VenueMapScreen.swift */ = {isa = PBXFileReference; lastKnownFileType = sourcecode.swift; path = VenueMapScreen.swift; sourceTree = "<group>"; };
/* End PBXFileReference section */

/* Begin PBXFrameworksBuildPhase section */
		92BC95035556BA1DD63A18F5 /* Frameworks */ = {
			isa = PBXFrameworksBuildPhase;
			buildActionMask = 2147483647;
			files = (
				BFD50B8F4E0FA87992F6461E /* Proximiio in Frameworks */,
				CD5F76DA126ED4496B77F93D /* ProximiioMap in Frameworks */,
			);
			runOnlyForDeploymentPostprocessing = 0;
		};
/* End PBXFrameworksBuildPhase section */

/* Begin PBXGroup section */
		02C5935F4C506F1733CD2966 = {
			isa = PBXGroup;
			children = (
				E295F30C2F6A593363CEDCDB /* BlueiotMinimal */,
				69330A4939A1DBD0C5A244BB /* BlueiotMinimalTests */,
				9708DFEABBF59F0BC859FF50 /* Config */,
				5AD72386A6F950EC8F3443F8 /* Products */,
			);
			sourceTree = "<group>";
		};
		4BFE314A1C280831FF35D03F /* App */ = {
			isa = PBXGroup;
			children = (
				07522316905DD049DF83CDD5 /* BlueiotMinimalApp.swift */,
				E185E1345ABCBCD9C8FD96E7 /* VenueConfiguration.swift */,
			);
			path = App;
			sourceTree = "<group>";
		};
		4D03C890CA7CAE71CE056E8C /* UI */ = {
			isa = PBXGroup;
			children = (
				39D2104EFFCA3D6A4A7A99D0 /* GuidanceLine.swift */,
				766868470525B50835760888 /* JourneyBar.swift */,
				ED64BC01895914D88C49C6F2 /* JourneyPickerSheet.swift */,
				092355E744495DCCE55315AA /* LocationPrompt.swift */,
				A7B6B01E86D2FE1A3DF75521 /* NotificationPrompt.swift */,
				BAE7CA172E674FD6B5A16A7A /* POISearchSheet.swift */,
				F37F6C4BF550743EAED19A26 /* VenueMapScreen.swift */,
				087ED37D4542CDC98070E133 /* WristbandPrompt.swift */,
			);
			path = UI;
			sourceTree = "<group>";
		};
		5AD72386A6F950EC8F3443F8 /* Products */ = {
			isa = PBXGroup;
			children = (
				179BD8F5566F16BCEAA72C47 /* BlueiotMinimal.app */,
				3CFC1F37663CB627F86460F2 /* BlueiotMinimalTests.xctest */,
			);
			name = Products;
			sourceTree = "<group>";
		};
		69330A4939A1DBD0C5A244BB /* BlueiotMinimalTests */ = {
			isa = PBXGroup;
			children = (
				106D0C7B74061BE544CC5599 /* BackgroundPositioningTests.swift */,
				2571BE3A11B571884C58DB69 /* DeviationPromptTests.swift */,
				901549EE1C37770588F836E6 /* DiagnosticsTests.swift */,
				3B333BB24371B5B046CEC74E /* GeofenceNotificationTests.swift */,
				BE06FF26F4AAFA1DA49F2037 /* JourneyPickerTests.swift */,
				C811F61C4E954A692AA12DB6 /* JourneyTests.swift */,
				0B3FB3EA365F4154B74E72D9 /* MapTapTests.swift */,
				83F2B6D65B109417E6EE9F23 /* WristbandIDTests.swift */,
			);
			path = BlueiotMinimalTests;
			sourceTree = "<group>";
		};
		9708DFEABBF59F0BC859FF50 /* Config */ = {
			isa = PBXGroup;
			children = (
				169551C14DB7545D88AF0E46 /* App.xcconfig */,
			);
			path = Config;
			sourceTree = "<group>";
		};
		CC0D9DF94347EFCD810B7C71 /* Venue */ = {
			isa = PBXGroup;
			children = (
				CABF78A41B4A53631B5B8192 /* JourneyPlayback.swift */,
				0930A32203D2D41DE5C0CAA0 /* JourneyPlaybackLaunch.swift */,
				281D4E718694C50C25B124A8 /* JourneyStore.swift */,
				F1EF6077D25BBA7565ED23A9 /* Venue.swift */,
				672CE9E9ED95501810A58F6F /* VenuePOI.swift */,
				3B6BD4E8F912384F45BF8B67 /* WristbandID.swift */,
			);
			path = Venue;
			sourceTree = "<group>";
		};
		E295F30C2F6A593363CEDCDB /* BlueiotMinimal */ = {
			isa = PBXGroup;
			children = (
				807431AABAB1DD9642569D05 /* Assets.xcassets */,
				65F7C141BA52D64EF7B32140 /* Info.plist */,
				4BFE314A1C280831FF35D03F /* App */,
				4D03C890CA7CAE71CE056E8C /* UI */,
				CC0D9DF94347EFCD810B7C71 /* Venue */,
			);
			path = BlueiotMinimal;
			sourceTree = "<group>";
		};
/* End PBXGroup section */

/* Begin PBXNativeTarget section */
		D9B46242D91BC60931CBC791 /* BlueiotMinimal */ = {
			isa = PBXNativeTarget;
			buildConfigurationList = 08AA64860BF39A1FC3BB598D /* Build configuration list for PBXNativeTarget "BlueiotMinimal" */;
			buildPhases = (
				0699B0310CD99E5E3BA5384E /* Sources */,
				4164607513221A9D6D56B173 /* Resources */,
				92BC95035556BA1DD63A18F5 /* Frameworks */,
			);
			buildRules = (
			);
			dependencies = (
			);
			name = BlueiotMinimal;
			packageProductDependencies = (
				481EF75981CE52268A990007 /* Proximiio */,
				5764333272A1FAC95E9ED601 /* ProximiioMap */,
			);
			productName = BlueiotMinimal;
			productReference = 179BD8F5566F16BCEAA72C47 /* BlueiotMinimal.app */;
			productType = "com.apple.product-type.application";
		};
		F9CB661324CEE204FF20B7B1 /* BlueiotMinimalTests */ = {
			isa = PBXNativeTarget;
			buildConfigurationList = 0AC502128C93501454F0F5B7 /* Build configuration list for PBXNativeTarget "BlueiotMinimalTests" */;
			buildPhases = (
				AED1961E9D50602A55B93BE0 /* Sources */,
			);
			buildRules = (
			);
			dependencies = (
				E0F74D862A42A1A76B382BE8 /* PBXTargetDependency */,
			);
			name = BlueiotMinimalTests;
			packageProductDependencies = (
			);
			productName = BlueiotMinimalTests;
			productReference = 3CFC1F37663CB627F86460F2 /* BlueiotMinimalTests.xctest */;
			productType = "com.apple.product-type.bundle.unit-test";
		};
/* End PBXNativeTarget section */

/* Begin PBXProject section */
		E17C705DA2BEB4E8AA967A14 /* Project object */ = {
			isa = PBXProject;
			attributes = {
				BuildIndependentTargetsInParallel = YES;
				LastUpgradeCheck = 1600;
				TargetAttributes = {
					D9B46242D91BC60931CBC791 = {
						DevelopmentTeam = 2ULWCJMDBJ;
						ProvisioningStyle = Automatic;
					};
					F9CB661324CEE204FF20B7B1 = {
						DevelopmentTeam = 2ULWCJMDBJ;
						ProvisioningStyle = Automatic;
					};
				};
			};
			buildConfigurationList = F49BB863F147C4BB5891024E /* Build configuration list for PBXProject "BlueiotMinimal" */;
			developmentRegion = en;
			hasScannedForEncodings = 0;
			knownRegions = (
				Base,
				en,
			);
			mainGroup = 02C5935F4C506F1733CD2966;
			minimizedProjectReferenceProxies = 1;
			packageReferences = (
				C82611E0490E3DF0A6F7D3C3 /* XCRemoteSwiftPackageReference "proximiio-sdk-ios-binary" */,
				375E16056034A81439E4BB5A /* XCRemoteSwiftPackageReference "proximiio-map-ios-binary" */,
			);
			preferredProjectObjectVersion = 77;
			productRefGroup = 5AD72386A6F950EC8F3443F8 /* Products */;
			projectDirPath = "";
			projectRoot = "";
			targets = (
				D9B46242D91BC60931CBC791 /* BlueiotMinimal */,
				F9CB661324CEE204FF20B7B1 /* BlueiotMinimalTests */,
			);
		};
/* End PBXProject section */

/* Begin PBXResourcesBuildPhase section */
		4164607513221A9D6D56B173 /* Resources */ = {
			isa = PBXResourcesBuildPhase;
			buildActionMask = 2147483647;
			files = (
				CABF34E22C81D3D7FC6E0387 /* Assets.xcassets in Resources */,
			);
			runOnlyForDeploymentPostprocessing = 0;
		};
/* End PBXResourcesBuildPhase section */

/* Begin PBXSourcesBuildPhase section */
		0699B0310CD99E5E3BA5384E /* Sources */ = {
			isa = PBXSourcesBuildPhase;
			buildActionMask = 2147483647;
			files = (
				EF10C1372AD27EFE8A78C58B /* BlueiotMinimalApp.swift in Sources */,
				C50AC9B431153ED0F8CE5CFD /* GuidanceLine.swift in Sources */,
				4FB7C10F794EE01ADA61BCBA /* JourneyBar.swift in Sources */,
				9442BB00A3D211C237ABE1C3 /* JourneyPickerSheet.swift in Sources */,
				7F7CA5337079BAE2BB556FF2 /* JourneyPlayback.swift in Sources */,
				4B3FC3A5F65B6CEA0D5102A4 /* JourneyPlaybackLaunch.swift in Sources */,
				8B375B2115E744004EE53AC8 /* JourneyStore.swift in Sources */,
				099507348DA4093E05606482 /* LocationPrompt.swift in Sources */,
				41C18484D7E19569EB52F5CE /* NotificationPrompt.swift in Sources */,
				4320D9B210F9307F30386401 /* POISearchSheet.swift in Sources */,
				7C56D4B9BECEA7B0AE68481F /* Venue.swift in Sources */,
				6BF91C646DF906686D0CB8E4 /* VenueConfiguration.swift in Sources */,
				C4A9B28FC7F411507CADF121 /* VenueMapScreen.swift in Sources */,
				78A8796A276BF0B7483C03B2 /* VenuePOI.swift in Sources */,
				18BA9322EEA4A59D0FBD0D80 /* WristbandID.swift in Sources */,
				A80E9C531F921464DB86801E /* WristbandPrompt.swift in Sources */,
			);
			runOnlyForDeploymentPostprocessing = 0;
		};
		AED1961E9D50602A55B93BE0 /* Sources */ = {
			isa = PBXSourcesBuildPhase;
			buildActionMask = 2147483647;
			files = (
				5CE93CDAC4546E0FAD3DD449 /* BackgroundPositioningTests.swift in Sources */,
				E50D2252328D51DA6ED05431 /* DeviationPromptTests.swift in Sources */,
				AA54464E6EF296BD493B86CB /* DiagnosticsTests.swift in Sources */,
				FED082C6B05A3FDDC665D03A /* GeofenceNotificationTests.swift in Sources */,
				42772725E74792B55FDD2356 /* JourneyPickerTests.swift in Sources */,
				FBAFD7FD1662DFDE4E966837 /* JourneyTests.swift in Sources */,
				502B0EBFD822B367F5BB3284 /* MapTapTests.swift in Sources */,
				06C97467677DCF7D85C49EF2 /* WristbandIDTests.swift in Sources */,
			);
			runOnlyForDeploymentPostprocessing = 0;
		};
/* End PBXSourcesBuildPhase section */

/* Begin PBXTargetDependency section */
		E0F74D862A42A1A76B382BE8 /* PBXTargetDependency */ = {
			isa = PBXTargetDependency;
			target = D9B46242D91BC60931CBC791 /* BlueiotMinimal */;
			targetProxy = 2E5F89832D59CF3B0FE6CC9D /* PBXContainerItemProxy */;
		};
/* End PBXTargetDependency section */

/* Begin XCBuildConfiguration section */
		02ABD984B501B4E0FDF36319 /* Debug */ = {
			isa = XCBuildConfiguration;
			buildSettings = {
				ALWAYS_SEARCH_USER_PATHS = NO;
				CLANG_ANALYZER_NONNULL = YES;
				CLANG_ANALYZER_NUMBER_OBJECT_CONVERSION = YES_AGGRESSIVE;
				CLANG_CXX_LANGUAGE_STANDARD = "gnu++14";
				CLANG_CXX_LIBRARY = "libc++";
				CLANG_ENABLE_MODULES = YES;
				CLANG_ENABLE_OBJC_ARC = YES;
				CLANG_ENABLE_OBJC_WEAK = YES;
				CLANG_WARN_BLOCK_CAPTURE_AUTORELEASING = YES;
				CLANG_WARN_BOOL_CONVERSION = YES;
				CLANG_WARN_COMMA = YES;
				CLANG_WARN_CONSTANT_CONVERSION = YES;
				CLANG_WARN_DEPRECATED_OBJC_IMPLEMENTATIONS = YES;
				CLANG_WARN_DIRECT_OBJC_ISA_USAGE = YES_ERROR;
				CLANG_WARN_DOCUMENTATION_COMMENTS = YES;
				CLANG_WARN_EMPTY_BODY = YES;
				CLANG_WARN_ENUM_CONVERSION = YES;
				CLANG_WARN_INFINITE_RECURSION = YES;
				CLANG_WARN_INT_CONVERSION = YES;
				CLANG_WARN_NON_LITERAL_NULL_CONVERSION = YES;
				CLANG_WARN_OBJC_IMPLICIT_RETAIN_SELF = YES;
				CLANG_WARN_OBJC_LITERAL_CONVERSION = YES;
				CLANG_WARN_OBJC_ROOT_CLASS = YES_ERROR;
				CLANG_WARN_QUOTED_INCLUDE_IN_FRAMEWORK_HEADER = YES;
				CLANG_WARN_RANGE_LOOP_ANALYSIS = YES;
				CLANG_WARN_STRICT_PROTOTYPES = YES;
				CLANG_WARN_SUSPICIOUS_MOVE = YES;
				CLANG_WARN_UNGUARDED_AVAILABILITY = YES_AGGRESSIVE;
				CLANG_WARN_UNREACHABLE_CODE = YES;
				CLANG_WARN__DUPLICATE_METHOD_MATCH = YES;
				CODE_SIGN_STYLE = Automatic;
				COPY_PHASE_STRIP = NO;
				DEBUG_INFORMATION_FORMAT = dwarf;
				DEVELOPMENT_TEAM = 2ULWCJMDBJ;
				ENABLE_STRICT_OBJC_MSGSEND = YES;
				ENABLE_TESTABILITY = YES;
				GCC_C_LANGUAGE_STANDARD = gnu11;
				GCC_DYNAMIC_NO_PIC = NO;
				GCC_NO_COMMON_BLOCKS = YES;
				GCC_OPTIMIZATION_LEVEL = 0;
				GCC_PREPROCESSOR_DEFINITIONS = (
					"$(inherited)",
					"DEBUG=1",
				);
				GCC_WARN_64_TO_32_BIT_CONVERSION = YES;
				GCC_WARN_ABOUT_RETURN_TYPE = YES_ERROR;
				GCC_WARN_UNDECLARED_SELECTOR = YES;
				GCC_WARN_UNINITIALIZED_AUTOS = YES_AGGRESSIVE;
				GCC_WARN_UNUSED_FUNCTION = YES;
				GCC_WARN_UNUSED_VARIABLE = YES;
				IPHONEOS_DEPLOYMENT_TARGET = 17.0;
				MTL_ENABLE_DEBUG_INFO = INCLUDE_SOURCE;
				MTL_FAST_MATH = YES;
				ONLY_ACTIVE_ARCH = YES;
				PRODUCT_NAME = "$(TARGET_NAME)";
				SDKROOT = iphoneos;
				SWIFT_ACTIVE_COMPILATION_CONDITIONS = DEBUG;
				SWIFT_OPTIMIZATION_LEVEL = "-Onone";
				SWIFT_VERSION = 5.0;
			};
			name = Debug;
		};
		09AF683BA9FC1EF7CF5A5932 /* Debug */ = {
			isa = XCBuildConfiguration;
			buildSettings = {
				BUNDLE_LOADER = "$(TEST_HOST)";
				GENERATE_INFOPLIST_FILE = YES;
				IPHONEOS_DEPLOYMENT_TARGET = 17.0;
				LD_RUNPATH_SEARCH_PATHS = (
					"$(inherited)",
					"@executable_path/Frameworks",
					"@loader_path/Frameworks",
				);
				PRODUCT_BUNDLE_IDENTIFIER = io.proximi.BlueiotMinimalTests;
				SDKROOT = iphoneos;
				TARGETED_DEVICE_FAMILY = "1,2";
				TEST_HOST = "$(BUILT_PRODUCTS_DIR)/BlueiotMinimal.app/BlueiotMinimal";
			};
			name = Debug;
		};
		0AFCB2DD79CA92959BCA66F0 /* Release */ = {
			isa = XCBuildConfiguration;
			buildSettings = {
				ALWAYS_SEARCH_USER_PATHS = NO;
				CLANG_ANALYZER_NONNULL = YES;
				CLANG_ANALYZER_NUMBER_OBJECT_CONVERSION = YES_AGGRESSIVE;
				CLANG_CXX_LANGUAGE_STANDARD = "gnu++14";
				CLANG_CXX_LIBRARY = "libc++";
				CLANG_ENABLE_MODULES = YES;
				CLANG_ENABLE_OBJC_ARC = YES;
				CLANG_ENABLE_OBJC_WEAK = YES;
				CLANG_WARN_BLOCK_CAPTURE_AUTORELEASING = YES;
				CLANG_WARN_BOOL_CONVERSION = YES;
				CLANG_WARN_COMMA = YES;
				CLANG_WARN_CONSTANT_CONVERSION = YES;
				CLANG_WARN_DEPRECATED_OBJC_IMPLEMENTATIONS = YES;
				CLANG_WARN_DIRECT_OBJC_ISA_USAGE = YES_ERROR;
				CLANG_WARN_DOCUMENTATION_COMMENTS = YES;
				CLANG_WARN_EMPTY_BODY = YES;
				CLANG_WARN_ENUM_CONVERSION = YES;
				CLANG_WARN_INFINITE_RECURSION = YES;
				CLANG_WARN_INT_CONVERSION = YES;
				CLANG_WARN_NON_LITERAL_NULL_CONVERSION = YES;
				CLANG_WARN_OBJC_IMPLICIT_RETAIN_SELF = YES;
				CLANG_WARN_OBJC_LITERAL_CONVERSION = YES;
				CLANG_WARN_OBJC_ROOT_CLASS = YES_ERROR;
				CLANG_WARN_QUOTED_INCLUDE_IN_FRAMEWORK_HEADER = YES;
				CLANG_WARN_RANGE_LOOP_ANALYSIS = YES;
				CLANG_WARN_STRICT_PROTOTYPES = YES;
				CLANG_WARN_SUSPICIOUS_MOVE = YES;
				CLANG_WARN_UNGUARDED_AVAILABILITY = YES_AGGRESSIVE;
				CLANG_WARN_UNREACHABLE_CODE = YES;
				CLANG_WARN__DUPLICATE_METHOD_MATCH = YES;
				CODE_SIGN_STYLE = Automatic;
				COPY_PHASE_STRIP = NO;
				DEBUG_INFORMATION_FORMAT = "dwarf-with-dsym";
				DEVELOPMENT_TEAM = 2ULWCJMDBJ;
				ENABLE_NS_ASSERTIONS = NO;
				ENABLE_STRICT_OBJC_MSGSEND = YES;
				GCC_C_LANGUAGE_STANDARD = gnu11;
				GCC_NO_COMMON_BLOCKS = YES;
				GCC_WARN_64_TO_32_BIT_CONVERSION = YES;
				GCC_WARN_ABOUT_RETURN_TYPE = YES_ERROR;
				GCC_WARN_UNDECLARED_SELECTOR = YES;
				GCC_WARN_UNINITIALIZED_AUTOS = YES_AGGRESSIVE;
				GCC_WARN_UNUSED_FUNCTION = YES;
				GCC_WARN_UNUSED_VARIABLE = YES;
				IPHONEOS_DEPLOYMENT_TARGET = 17.0;
				MTL_ENABLE_DEBUG_INFO = NO;
				MTL_FAST_MATH = YES;
				PRODUCT_NAME = "$(TARGET_NAME)";
				SDKROOT = iphoneos;
				SWIFT_COMPILATION_MODE = wholemodule;
				SWIFT_OPTIMIZATION_LEVEL = "-O";
				SWIFT_VERSION = 5.0;
			};
			name = Release;
		};
		0D3ECAE8B87C0A06C24CF38B /* Release */ = {
			isa = XCBuildConfiguration;
			baseConfigurationReference = 169551C14DB7545D88AF0E46 /* App.xcconfig */;
			buildSettings = {
				ASSETCATALOG_COMPILER_APPICON_NAME = AppIcon;
				CODE_SIGN_IDENTITY = "iPhone Developer";
				ENABLE_PREVIEWS = YES;
				INFOPLIST_FILE = BlueiotMinimal/Info.plist;
				IPHONEOS_DEPLOYMENT_TARGET = 17.0;
				LD_RUNPATH_SEARCH_PATHS = (
					"$(inherited)",
					"@executable_path/Frameworks",
				);
				PRODUCT_BUNDLE_IDENTIFIER = io.proximi.BlueiotMinimal;
				SDKROOT = iphoneos;
				SWIFT_STRICT_CONCURRENCY = minimal;
				TARGETED_DEVICE_FAMILY = "1,2";
			};
			name = Release;
		};
		3FA7EDBB5FBEC53A7BD597FD /* Debug */ = {
			isa = XCBuildConfiguration;
			baseConfigurationReference = 169551C14DB7545D88AF0E46 /* App.xcconfig */;
			buildSettings = {
				ASSETCATALOG_COMPILER_APPICON_NAME = AppIcon;
				CODE_SIGN_IDENTITY = "iPhone Developer";
				ENABLE_PREVIEWS = YES;
				INFOPLIST_FILE = BlueiotMinimal/Info.plist;
				IPHONEOS_DEPLOYMENT_TARGET = 17.0;
				LD_RUNPATH_SEARCH_PATHS = (
					"$(inherited)",
					"@executable_path/Frameworks",
				);
				PRODUCT_BUNDLE_IDENTIFIER = io.proximi.BlueiotMinimal;
				SDKROOT = iphoneos;
				SWIFT_STRICT_CONCURRENCY = minimal;
				TARGETED_DEVICE_FAMILY = "1,2";
			};
			name = Debug;
		};
		8610E45A6C727EEB480C6A25 /* Release */ = {
			isa = XCBuildConfiguration;
			buildSettings = {
				BUNDLE_LOADER = "$(TEST_HOST)";
				GENERATE_INFOPLIST_FILE = YES;
				IPHONEOS_DEPLOYMENT_TARGET = 17.0;
				LD_RUNPATH_SEARCH_PATHS = (
					"$(inherited)",
					"@executable_path/Frameworks",
					"@loader_path/Frameworks",
				);
				PRODUCT_BUNDLE_IDENTIFIER = io.proximi.BlueiotMinimalTests;
				SDKROOT = iphoneos;
				TARGETED_DEVICE_FAMILY = "1,2";
				TEST_HOST = "$(BUILT_PRODUCTS_DIR)/BlueiotMinimal.app/BlueiotMinimal";
			};
			name = Release;
		};
/* End XCBuildConfiguration section */

/* Begin XCConfigurationList section */
		08AA64860BF39A1FC3BB598D /* Build configuration list for PBXNativeTarget "BlueiotMinimal" */ = {
			isa = XCConfigurationList;
			buildConfigurations = (
				3FA7EDBB5FBEC53A7BD597FD /* Debug */,
				0D3ECAE8B87C0A06C24CF38B /* Release */,
			);
			defaultConfigurationIsVisible = 0;
			defaultConfigurationName = Debug;
		};
		0AC502128C93501454F0F5B7 /* Build configuration list for PBXNativeTarget "BlueiotMinimalTests" */ = {
			isa = XCConfigurationList;
			buildConfigurations = (
				09AF683BA9FC1EF7CF5A5932 /* Debug */,
				8610E45A6C727EEB480C6A25 /* Release */,
			);
			defaultConfigurationIsVisible = 0;
			defaultConfigurationName = Debug;
		};
		F49BB863F147C4BB5891024E /* Build configuration list for PBXProject "BlueiotMinimal" */ = {
			isa = XCConfigurationList;
			buildConfigurations = (
				02ABD984B501B4E0FDF36319 /* Debug */,
				0AFCB2DD79CA92959BCA66F0 /* Release */,
			);
			defaultConfigurationIsVisible = 0;
			defaultConfigurationName = Debug;
		};
/* End XCConfigurationList section */

/* Begin XCRemoteSwiftPackageReference section */
		375E16056034A81439E4BB5A /* XCRemoteSwiftPackageReference "proximiio-map-ios-binary" */ = {
			isa = XCRemoteSwiftPackageReference;
			repositoryURL = "https://github.com/proximiio/proximiio-map-ios-binary";
			requirement = {
				kind = exactVersion;
				version = "6.0.0-beta.19";
			};
		};
		C82611E0490E3DF0A6F7D3C3 /* XCRemoteSwiftPackageReference "proximiio-sdk-ios-binary" */ = {
			isa = XCRemoteSwiftPackageReference;
			repositoryURL = "https://github.com/proximiio/proximiio-sdk-ios-binary";
			requirement = {
				kind = exactVersion;
				version = "6.0.0-beta.43";
			};
		};
/* End XCRemoteSwiftPackageReference section */

/* Begin XCSwiftPackageProductDependency section */
		481EF75981CE52268A990007 /* Proximiio */ = {
			isa = XCSwiftPackageProductDependency;
			package = C82611E0490E3DF0A6F7D3C3 /* XCRemoteSwiftPackageReference "proximiio-sdk-ios-binary" */;
			productName = Proximiio;
		};
		5764333272A1FAC95E9ED601 /* ProximiioMap */ = {
			isa = XCSwiftPackageProductDependency;
			package = 375E16056034A81439E4BB5A /* XCRemoteSwiftPackageReference "proximiio-map-ios-binary" */;
			productName = ProximiioMap;
		};
/* End XCSwiftPackageProductDependency section */
	};
	rootObject = E17C705DA2BEB4E8AA967A14 /* Project object */;
}
