{
  "originHash" : "cde877af2b60d6a20dd737c1165694305af707309bb405d43316e707dc5abc0d",
  "pins" : [
    {
      "identity" : "maplibre-gl-native-distribution",
      "kind" : "remoteSourceControl",
      "location" : "https://github.com/maplibre/maplibre-gl-native-distribution",
      "state" : {
        "revision" : "86992aabad3e89ce8818adec2e8b9d03177d69da",
        "version" : "6.29.0"
      }
    },
    {
      "identity" : "proximiio-map-ios-binary",
      "kind" : "remoteSourceControl",
      "location" : "https://github.com/proximiio/proximiio-map-ios-binary",
      "state" : {
        "revision" : "1777a57600b62be636e72947a0c7ecd9c5cdfe83",
        "version" : "6.0.0-beta.15"
      }
    },
    {
      "identity" : "proximiio-sdk-ios-binary",
      "kind" : "remoteSourceControl",
      "location" : "https://github.com/proximiio/proximiio-sdk-ios-binary",
      "state" : {
        "revision" : "0c6491df705eaf5245624047b2dc29dd2026798c",
        "version" : "6.0.0-beta.41"
      }
    }
  ],
  "version" : 3
}
