{
  "originHash" : "cde877af2b60d6a20dd737c1165694305af707309bb405d43316e707dc5abc0d",
  "pins" : [
    {
      "identity" : "maplibre-gl-native-distribution",
      "kind" : "remoteSourceControl",
      "location" : "https://github.com/maplibre/maplibre-gl-native-distribution",
      "state" : {
        "revision" : "86992aabad3e89ce8818adec2e8b9d03177d69da",
        "version" : "6.29.0"
      }
    },
    {
      "identity" : "proximiio-map-ios-binary",
      "kind" : "remoteSourceControl",
      "location" : "https://github.com/proximiio/proximiio-map-ios-binary",
      "state" : {
        "revision" : "ab6757f03dd2b693647b1fce696ba29bf54ab8bc",
        "version" : "6.0.0-beta.17"
      }
    },
    {
      "identity" : "proximiio-sdk-ios-binary",
      "kind" : "remoteSourceControl",
      "location" : "https://github.com/proximiio/proximiio-sdk-ios-binary",
      "state" : {
        "revision" : "b2df39da2af9b4ed38ad5e88234de5f38073c2e4",
        "version" : "6.0.0-beta.43"
      }
    }
  ],
  "version" : 3
}
