{
  "originHash" : "cde877af2b60d6a20dd737c1165694305af707309bb405d43316e707dc5abc0d",
  "pins" : [
    {
      "identity" : "maplibre-gl-native-distribution",
      "kind" : "remoteSourceControl",
      "location" : "https://github.com/maplibre/maplibre-gl-native-distribution",
      "state" : {
        "revision" : "86992aabad3e89ce8818adec2e8b9d03177d69da",
        "version" : "6.29.0"
      }
    },
    {
      "identity" : "proximiio-map-ios-binary",
      "kind" : "remoteSourceControl",
      "location" : "https://github.com/proximiio/proximiio-map-ios-binary",
      "state" : {
        "revision" : "d5d2455a95ac8ae99ea32ba64adf847b742dc26d",
        "version" : "6.0.0-beta.12"
      }
    },
    {
      "identity" : "proximiio-sdk-ios-binary",
      "kind" : "remoteSourceControl",
      "location" : "https://github.com/proximiio/proximiio-sdk-ios-binary",
      "state" : {
        "revision" : "4d508a465f9ff3d32c87a8397c9fbb689cf42355",
        "version" : "6.0.0-beta.39"
      }
    }
  ],
  "version" : 3
}
